
Microsoft Visual Studio Solution File, Format Version 12.00
# Visual Studio Version 17
VisualStudioVersion = 17.4.33205.214
MinimumVisualStudioVersion = 10.0.40219.1
Project("{9A19103F-16F7-4668-BE54-9A1E7A4F7556}") = "WorkShopSample1", "WorkShopSample1\WorkShopSample1.csproj", "{192A8FE9-BC09-481C-8F47-7B86C7953604}"
EndProject
Project("{2150E333-8FDC-42A3-9474-1A3956D46DE8}") = "DomainModel", "DomainModel", "{52D9612A-8356-476A-8CD3-7917699CE781}"
EndProject
Project("{9A19103F-16F7-4668-BE54-9A1E7A4F7556}") = "Shopping.DomainModel", "Shopping.DomainModel\Shopping.DomainModel.csproj", "{58118C68-97E7-454F-B9C7-48FC4C405CFA}"
EndProject
Project("{2150E333-8FDC-42A3-9474-1A3956D46DE8}") = "BootStrap", "BootStrap", "{AFA241ED-42D7-4853-A78C-046E36AC3559}"
EndProject
Project("{9A19103F-16F7-4668-BE54-9A1E7A4F7556}") = "Shopping.BootStrap", "Shopping.BootStrap\Shopping.BootStrap.csproj", "{E8E9C168-CEA5-458A-81DC-D7FBAEBB4159}"
EndProject
Project("{2150E333-8FDC-42A3-9474-1A3956D46DE8}") = "FrameWork", "FrameWork", "{95CBE5F3-F623-46FB-AB83-5A0C5B81E917}"
EndProject
Project("{9A19103F-16F7-4668-BE54-9A1E7A4F7556}") = "FrameWork", "FrameWork\FrameWork.csproj", "{19CB93F1-CDE7-46D4-BF15-4BBFFAD65DFF}"
EndProject
Project("{9A19103F-16F7-4668-BE54-9A1E7A4F7556}") = "FrameWork.Domain", "FrameWork.Domain\FrameWork.Domain.csproj", "{4713CE82-40BE-4696-A83E-305C26FDD495}"
EndProject
Project("{9A19103F-16F7-4668-BE54-9A1E7A4F7556}") = "FrameWork.DataAccess", "FrameWork.DataAccess\FrameWork.DataAccess.csproj", "{7688F233-55A5-433F-A88B-49DE16F3BF88}"
EndProject
Project("{2150E333-8FDC-42A3-9474-1A3956D46DE8}") = "DataAccess", "DataAccess", "{6483AC4A-16F9-4F3D-BD5F-205D05E47C6D}"
EndProject
Project("{9A19103F-16F7-4668-BE54-9A1E7A4F7556}") = "Shopping.DataAccess", "Shopping.DataAccess\Shopping.DataAccess.csproj", "{C7E0F9C8-889A-4265-BD04-64C35B528106}"
EndProject
Project("{9A19103F-16F7-4668-BE54-9A1E7A4F7556}") = "Shopping.DataAccessServiceContract", "Shopping.DataAccessServiceContract\Shopping.DataAccessServiceContract.csproj", "{6423A466-61D6-4147-9D93-5B8598611892}"
EndProject
Project("{2150E333-8FDC-42A3-9474-1A3956D46DE8}") = "Business", "Business", "{45EC641F-5C44-4CCA-8794-1DC735766002}"
EndProject
Project("{9A19103F-16F7-4668-BE54-9A1E7A4F7556}") = "Shopping.BusinessServiceContract", "Shopping.BusinessServiceContract\Shopping.BusinessServiceContract.csproj", "{7354BE92-9A20-48DC-9E7D-863B63DDA89B}"
EndProject
Project("{9A19103F-16F7-4668-BE54-9A1E7A4F7556}") = "Shopping.Business", "Shopping.Business\Shopping.Business.csproj", "{D71D99A5-D82A-4187-838D-5D8F0A791133}"
EndProject
Project("{9A19103F-16F7-4668-BE54-9A1E7A4F7556}") = "Security.DomainModel", "Security.DomainModel\Security.DomainModel.csproj", "{5D567022-C91C-4DCB-9FFF-14DEBD1D1AA6}"
EndProject
Project("{9A19103F-16F7-4668-BE54-9A1E7A4F7556}") = "Security.BootStrap", "Security.Bootstrap\Security.BootStrap.csproj", "{836579FE-59FE-4548-9062-171BA6B33C8E}"
EndProject
Project("{9A19103F-16F7-4668-BE54-9A1E7A4F7556}") = "Security.DataAccess", "Security.DataAccess\Security.DataAccess.csproj", "{4B446D77-B38C-478A-A001-C5B1F4A640D0}"
EndProject
Project("{9A19103F-16F7-4668-BE54-9A1E7A4F7556}") = "Security.DataAccessServiceContract", "Security.DataAccessServiceContract\Security.DataAccessServiceContract.csproj", "{0E6647F6-B2FA-4946-A6B0-B7566B752E9E}"
EndProject
Project("{9A19103F-16F7-4668-BE54-9A1E7A4F7556}") = "Security.BusinessServiceContract", "Security.BusinessServiceContract\Security.BusinessServiceContract.csproj", "{6337FF37-7A35-475C-9932-CEF51CDACEDB}"
EndProject
Project("{9A19103F-16F7-4668-BE54-9A1E7A4F7556}") = "Security.Business", "Security.Business\Security.Business.csproj", "{8FB32F47-D1C3-453C-958F-6D1B215F5C5F}"
EndProject
Project("{FAE04EC0-301F-11D3-BF4B-00C04F79EFBC}") = "FrameWork.UI", "FrameWork.UI\FrameWork.UI.csproj", "{174ED2B4-52F9-4529-958D-B2DAECB13987}"
EndProject
Global
	GlobalSection(SolutionConfigurationPlatforms) = preSolution
		Debug|Any CPU = Debug|Any CPU
		Release|Any CPU = Release|Any CPU
	EndGlobalSection
	GlobalSection(ProjectConfigurationPlatforms) = postSolution
		{192A8FE9-BC09-481C-8F47-7B86C7953604}.Debug|Any CPU.ActiveCfg = Debug|Any CPU
		{192A8FE9-BC09-481C-8F47-7B86C7953604}.Debug|Any CPU.Build.0 = Debug|Any CPU
		{192A8FE9-BC09-481C-8F47-7B86C7953604}.Release|Any CPU.ActiveCfg = Release|Any CPU
		{192A8FE9-BC09-481C-8F47-7B86C7953604}.Release|Any CPU.Build.0 = Release|Any CPU
		{58118C68-97E7-454F-B9C7-48FC4C405CFA}.Debug|Any CPU.ActiveCfg = Debug|Any CPU
		{58118C68-97E7-454F-B9C7-48FC4C405CFA}.Debug|Any CPU.Build.0 = Debug|Any CPU
		{58118C68-97E7-454F-B9C7-48FC4C405CFA}.Release|Any CPU.ActiveCfg = Release|Any CPU
		{58118C68-97E7-454F-B9C7-48FC4C405CFA}.Release|Any CPU.Build.0 = Release|Any CPU
		{E8E9C168-CEA5-458A-81DC-D7FBAEBB4159}.Debug|Any CPU.ActiveCfg = Debug|Any CPU
		{E8E9C168-CEA5-458A-81DC-D7FBAEBB4159}.Debug|Any CPU.Build.0 = Debug|Any CPU
		{E8E9C168-CEA5-458A-81DC-D7FBAEBB4159}.Release|Any CPU.ActiveCfg = Release|Any CPU
		{E8E9C168-CEA5-458A-81DC-D7FBAEBB4159}.Release|Any CPU.Build.0 = Release|Any CPU
		{19CB93F1-CDE7-46D4-BF15-4BBFFAD65DFF}.Debug|Any CPU.ActiveCfg = Debug|Any CPU
		{19CB93F1-CDE7-46D4-BF15-4BBFFAD65DFF}.Debug|Any CPU.Build.0 = Debug|Any CPU
		{19CB93F1-CDE7-46D4-BF15-4BBFFAD65DFF}.Release|Any CPU.ActiveCfg = Release|Any CPU
		{19CB93F1-CDE7-46D4-BF15-4BBFFAD65DFF}.Release|Any CPU.Build.0 = Release|Any CPU
		{4713CE82-40BE-4696-A83E-305C26FDD495}.Debug|Any CPU.ActiveCfg = Debug|Any CPU
		{4713CE82-40BE-4696-A83E-305C26FDD495}.Debug|Any CPU.Build.0 = Debug|Any CPU
		{4713CE82-40BE-4696-A83E-305C26FDD495}.Release|Any CPU.ActiveCfg = Release|Any CPU
		{4713CE82-40BE-4696-A83E-305C26FDD495}.Release|Any CPU.Build.0 = Release|Any CPU
		{7688F233-55A5-433F-A88B-49DE16F3BF88}.Debug|Any CPU.ActiveCfg = Debug|Any CPU
		{7688F233-55A5-433F-A88B-49DE16F3BF88}.Debug|Any CPU.Build.0 = Debug|Any CPU
		{7688F233-55A5-433F-A88B-49DE16F3BF88}.Release|Any CPU.ActiveCfg = Release|Any CPU
		{7688F233-55A5-433F-A88B-49DE16F3BF88}.Release|Any CPU.Build.0 = Release|Any CPU
		{C7E0F9C8-889A-4265-BD04-64C35B528106}.Debug|Any CPU.ActiveCfg = Debug|Any CPU
		{C7E0F9C8-889A-4265-BD04-64C35B528106}.Debug|Any CPU.Build.0 = Debug|Any CPU
		{C7E0F9C8-889A-4265-BD04-64C35B528106}.Release|Any CPU.ActiveCfg = Release|Any CPU
		{C7E0F9C8-889A-4265-BD04-64C35B528106}.Release|Any CPU.Build.0 = Release|Any CPU
		{6423A466-61D6-4147-9D93-5B8598611892}.Debug|Any CPU.ActiveCfg = Debug|Any CPU
		{6423A466-61D6-4147-9D93-5B8598611892}.Debug|Any CPU.Build.0 = Debug|Any CPU
		{6423A466-61D6-4147-9D93-5B8598611892}.Release|Any CPU.ActiveCfg = Release|Any CPU
		{6423A466-61D6-4147-9D93-5B8598611892}.Release|Any CPU.Build.0 = Release|Any CPU
		{7354BE92-9A20-48DC-9E7D-863B63DDA89B}.Debug|Any CPU.ActiveCfg = Debug|Any CPU
		{7354BE92-9A20-48DC-9E7D-863B63DDA89B}.Debug|Any CPU.Build.0 = Debug|Any CPU
		{7354BE92-9A20-48DC-9E7D-863B63DDA89B}.Release|Any CPU.ActiveCfg = Release|Any CPU
		{7354BE92-9A20-48DC-9E7D-863B63DDA89B}.Release|Any CPU.Build.0 = Release|Any CPU
		{D71D99A5-D82A-4187-838D-5D8F0A791133}.Debug|Any CPU.ActiveCfg = Debug|Any CPU
		{D71D99A5-D82A-4187-838D-5D8F0A791133}.Debug|Any CPU.Build.0 = Debug|Any CPU
		{D71D99A5-D82A-4187-838D-5D8F0A791133}.Release|Any CPU.ActiveCfg = Release|Any CPU
		{D71D99A5-D82A-4187-838D-5D8F0A791133}.Release|Any CPU.Build.0 = Release|Any CPU
		{5D567022-C91C-4DCB-9FFF-14DEBD1D1AA6}.Debug|Any CPU.ActiveCfg = Debug|Any CPU
		{5D567022-C91C-4DCB-9FFF-14DEBD1D1AA6}.Debug|Any CPU.Build.0 = Debug|Any CPU
		{5D567022-C91C-4DCB-9FFF-14DEBD1D1AA6}.Release|Any CPU.ActiveCfg = Release|Any CPU
		{5D567022-C91C-4DCB-9FFF-14DEBD1D1AA6}.Release|Any CPU.Build.0 = Release|Any CPU
		{836579FE-59FE-4548-9062-171BA6B33C8E}.Debug|Any CPU.ActiveCfg = Debug|Any CPU
		{836579FE-59FE-4548-9062-171BA6B33C8E}.Debug|Any CPU.Build.0 = Debug|Any CPU
		{836579FE-59FE-4548-9062-171BA6B33C8E}.Release|Any CPU.ActiveCfg = Release|Any CPU
		{836579FE-59FE-4548-9062-171BA6B33C8E}.Release|Any CPU.Build.0 = Release|Any CPU
		{4B446D77-B38C-478A-A001-C5B1F4A640D0}.Debug|Any CPU.ActiveCfg = Debug|Any CPU
		{4B446D77-B38C-478A-A001-C5B1F4A640D0}.Debug|Any CPU.Build.0 = Debug|Any CPU
		{4B446D77-B38C-478A-A001-C5B1F4A640D0}.Release|Any CPU.ActiveCfg = Release|Any CPU
		{4B446D77-B38C-478A-A001-C5B1F4A640D0}.Release|Any CPU.Build.0 = Release|Any CPU
		{0E6647F6-B2FA-4946-A6B0-B7566B752E9E}.Debug|Any CPU.ActiveCfg = Debug|Any CPU
		{0E6647F6-B2FA-4946-A6B0-B7566B752E9E}.Debug|Any CPU.Build.0 = Debug|Any CPU
		{0E6647F6-B2FA-4946-A6B0-B7566B752E9E}.Release|Any CPU.ActiveCfg = Release|Any CPU
		{0E6647F6-B2FA-4946-A6B0-B7566B752E9E}.Release|Any CPU.Build.0 = Release|Any CPU
		{6337FF37-7A35-475C-9932-CEF51CDACEDB}.Debug|Any CPU.ActiveCfg = Debug|Any CPU
		{6337FF37-7A35-475C-9932-CEF51CDACEDB}.Debug|Any CPU.Build.0 = Debug|Any CPU
		{6337FF37-7A35-475C-9932-CEF51CDACEDB}.Release|Any CPU.ActiveCfg = Release|Any CPU
		{6337FF37-7A35-475C-9932-CEF51CDACEDB}.Release|Any CPU.Build.0 = Release|Any CPU
		{8FB32F47-D1C3-453C-958F-6D1B215F5C5F}.Debug|Any CPU.ActiveCfg = Debug|Any CPU
		{8FB32F47-D1C3-453C-958F-6D1B215F5C5F}.Debug|Any CPU.Build.0 = Debug|Any CPU
		{8FB32F47-D1C3-453C-958F-6D1B215F5C5F}.Release|Any CPU.ActiveCfg = Release|Any CPU
		{8FB32F47-D1C3-453C-958F-6D1B215F5C5F}.Release|Any CPU.Build.0 = Release|Any CPU
		{174ED2B4-52F9-4529-958D-B2DAECB13987}.Debug|Any CPU.ActiveCfg = Debug|Any CPU
		{174ED2B4-52F9-4529-958D-B2DAECB13987}.Debug|Any CPU.Build.0 = Debug|Any CPU
		{174ED2B4-52F9-4529-958D-B2DAECB13987}.Release|Any CPU.ActiveCfg = Release|Any CPU
		{174ED2B4-52F9-4529-958D-B2DAECB13987}.Release|Any CPU.Build.0 = Release|Any CPU
	EndGlobalSection
	GlobalSection(SolutionProperties) = preSolution
		HideSolutionNode = FALSE
	EndGlobalSection
	GlobalSection(NestedProjects) = preSolution
		{58118C68-97E7-454F-B9C7-48FC4C405CFA} = {52D9612A-8356-476A-8CD3-7917699CE781}
		{E8E9C168-CEA5-458A-81DC-D7FBAEBB4159} = {AFA241ED-42D7-4853-A78C-046E36AC3559}
		{19CB93F1-CDE7-46D4-BF15-4BBFFAD65DFF} = {95CBE5F3-F623-46FB-AB83-5A0C5B81E917}
		{4713CE82-40BE-4696-A83E-305C26FDD495} = {95CBE5F3-F623-46FB-AB83-5A0C5B81E917}
		{7688F233-55A5-433F-A88B-49DE16F3BF88} = {95CBE5F3-F623-46FB-AB83-5A0C5B81E917}
		{C7E0F9C8-889A-4265-BD04-64C35B528106} = {6483AC4A-16F9-4F3D-BD5F-205D05E47C6D}
		{6423A466-61D6-4147-9D93-5B8598611892} = {6483AC4A-16F9-4F3D-BD5F-205D05E47C6D}
		{7354BE92-9A20-48DC-9E7D-863B63DDA89B} = {45EC641F-5C44-4CCA-8794-1DC735766002}
		{D71D99A5-D82A-4187-838D-5D8F0A791133} = {45EC641F-5C44-4CCA-8794-1DC735766002}
		{5D567022-C91C-4DCB-9FFF-14DEBD1D1AA6} = {52D9612A-8356-476A-8CD3-7917699CE781}
		{836579FE-59FE-4548-9062-171BA6B33C8E} = {AFA241ED-42D7-4853-A78C-046E36AC3559}
		{4B446D77-B38C-478A-A001-C5B1F4A640D0} = {6483AC4A-16F9-4F3D-BD5F-205D05E47C6D}
		{0E6647F6-B2FA-4946-A6B0-B7566B752E9E} = {6483AC4A-16F9-4F3D-BD5F-205D05E47C6D}
		{6337FF37-7A35-475C-9932-CEF51CDACEDB} = {45EC641F-5C44-4CCA-8794-1DC735766002}
		{8FB32F47-D1C3-453C-958F-6D1B215F5C5F} = {45EC641F-5C44-4CCA-8794-1DC735766002}
		{174ED2B4-52F9-4529-958D-B2DAECB13987} = {95CBE5F3-F623-46FB-AB83-5A0C5B81E917}
	EndGlobalSection
	GlobalSection(ExtensibilityGlobals) = postSolution
		SolutionGuid = {924326D6-1166-492E-881A-625A0AC62360}
	EndGlobalSection
EndGlobal
